
Microsoft Visual Studio Solution File, Format Version 12.00
# Visual Studio Version 17
VisualStudioVersion = 17.12.35707.178
MinimumVisualStudioVersion = 10.0.40219.1
Project("{FAE04EC0-301F-11D3-BF4B-00C04F79EFBC}") = "Scientificcalculator", "Scientificcalculator\Scientificcalculator.csproj", "{732357B8-150F-43E3-BD7B-39B11C89945C}"
EndProject
Project("{FAE04EC0-301F-11D3-BF4B-00C04F79EFBC}") = "Calculatortest", "Calculatortest\Calculatortest.csproj", "{0D2AEE26-798F-4EF3-9F61-655E81791AC0}"
EndProject
Global
	GlobalSection(SolutionConfigurationPlatforms) = preSolution
		Debug|Any CPU = Debug|Any CPU
		Release|Any CPU = Release|Any CPU
	EndGlobalSection
	GlobalSection(ProjectConfigurationPlatforms) = postSolution
		{732357B8-150F-43E3-BD7B-39B11C89945C}.Debug|Any CPU.ActiveCfg = Debug|Any CPU
		{732357B8-150F-43E3-BD7B-39B11C89945C}.Debug|Any CPU.Build.0 = Debug|Any CPU
		{732357B8-150F-43E3-BD7B-39B11C89945C}.Release|Any CPU.ActiveCfg = Release|Any CPU
		{732357B8-150F-43E3-BD7B-39B11C89945C}.Release|Any CPU.Build.0 = Release|Any CPU
		{0D2AEE26-798F-4EF3-9F61-655E81791AC0}.Debug|Any CPU.ActiveCfg = Debug|Any CPU
		{0D2AEE26-798F-4EF3-9F61-655E81791AC0}.Debug|Any CPU.Build.0 = Debug|Any CPU
		{0D2AEE26-798F-4EF3-9F61-655E81791AC0}.Release|Any CPU.ActiveCfg = Release|Any CPU
		{0D2AEE26-798F-4EF3-9F61-655E81791AC0}.Release|Any CPU.Build.0 = Release|Any CPU
	EndGlobalSection
	GlobalSection(SolutionProperties) = preSolution
		HideSolutionNode = FALSE
	EndGlobalSection
EndGlobal
